
Microsoft Visual Studio Solution File, Format Version 11.00
# Visual Studio 2010
Project("{FAE04EC0-301F-11D3-BF4B-00C04F79EFBC}") = "Fysik", "Fysik.csproj", "{FD7DA7BA-CBA6-4E61-B790-6A1C722E51AD}"
EndProject
Global
	GlobalSection(SolutionConfigurationPlatforms) = preSolution
		Debug|x86 = Debug|x86
		Release|x86 = Release|x86
	EndGlobalSection
	GlobalSection(ProjectConfigurationPlatforms) = postSolution
		{FD7DA7BA-CBA6-4E61-B790-6A1C722E51AD}.Debug|x86.ActiveCfg = Debug|x86
		{FD7DA7BA-CBA6-4E61-B790-6A1C722E51AD}.Debug|x86.Build.0 = Debug|x86
		{FD7DA7BA-CBA6-4E61-B790-6A1C722E51AD}.Release|x86.ActiveCfg = Release|x86
		{FD7DA7BA-CBA6-4E61-B790-6A1C722E51AD}.Release|x86.Build.0 = Release|x86
	EndGlobalSection
	GlobalSection(SolutionProperties) = preSolution
		HideSolutionNode = FALSE
	EndGlobalSection
EndGlobal
